
Microsoft Visual Studio Solution File, Format Version 12.00
# Visual Studio 14
VisualStudioVersion = 14.0.25420.1
MinimumVisualStudioVersion = 10.0.40219.1
Project("{FAE04EC0-301F-11D3-BF4B-00C04F79EFBC}") = "BYMaster", "BlogMaster\BYMaster.csproj", "{7BFDD283-F086-4900-8EAD-D1FD7AA00D05}"
EndProject
Project("{FAE04EC0-301F-11D3-BF4B-00C04F79EFBC}") = "AsyncTest", "AsyncTest\AsyncTest.csproj", "{9DC8C2EB-35FC-42AE-8BA4-AECAD6C79835}"
EndProject
Project("{FAE04EC0-301F-11D3-BF4B-00C04F79EFBC}") = "NaverParsingTest", "NaverParsingTest\NaverParsingTest.csproj", "{3FB5DFB8-C1F7-4BF8-9F34-CB1822DB1025}"
EndProject
Global
	GlobalSection(SolutionConfigurationPlatforms) = preSolution
		Debug|Any CPU = Debug|Any CPU
		Release|Any CPU = Release|Any CPU
	EndGlobalSection
	GlobalSection(ProjectConfigurationPlatforms) = postSolution
		{7BFDD283-F086-4900-8EAD-D1FD7AA00D05}.Debug|Any CPU.ActiveCfg = Debug|Any CPU
		{7BFDD283-F086-4900-8EAD-D1FD7AA00D05}.Debug|Any CPU.Build.0 = Debug|Any CPU
		{7BFDD283-F086-4900-8EAD-D1FD7AA00D05}.Release|Any CPU.ActiveCfg = Release|Any CPU
		{7BFDD283-F086-4900-8EAD-D1FD7AA00D05}.Release|Any CPU.Build.0 = Release|Any CPU
		{9DC8C2EB-35FC-42AE-8BA4-AECAD6C79835}.Debug|Any CPU.ActiveCfg = Debug|Any CPU
		{9DC8C2EB-35FC-42AE-8BA4-AECAD6C79835}.Debug|Any CPU.Build.0 = Debug|Any CPU
		{9DC8C2EB-35FC-42AE-8BA4-AECAD6C79835}.Release|Any CPU.ActiveCfg = Release|Any CPU
		{9DC8C2EB-35FC-42AE-8BA4-AECAD6C79835}.Release|Any CPU.Build.0 = Release|Any CPU
		{3FB5DFB8-C1F7-4BF8-9F34-CB1822DB1025}.Debug|Any CPU.ActiveCfg = Debug|Any CPU
		{3FB5DFB8-C1F7-4BF8-9F34-CB1822DB1025}.Debug|Any CPU.Build.0 = Debug|Any CPU
		{3FB5DFB8-C1F7-4BF8-9F34-CB1822DB1025}.Release|Any CPU.ActiveCfg = Release|Any CPU
		{3FB5DFB8-C1F7-4BF8-9F34-CB1822DB1025}.Release|Any CPU.Build.0 = Release|Any CPU
	EndGlobalSection
	GlobalSection(SolutionProperties) = preSolution
		HideSolutionNode = FALSE
	EndGlobalSection
EndGlobal
